
Microsoft Visual Studio Solution File, Format Version 12.00
# Visual Studio Version 17
VisualStudioVersion = 17.3.32901.215
MinimumVisualStudioVersion = 10.0.40219.1
Project("{9A19103F-16F7-4668-BE54-9A1E7A4F7556}") = "Blazor_wasm_Portfolio", "Blazor_wasm_Portfolio\Blazor_wasm_Portfolio.csproj", "{CB427F79-989A-4E75-B728-F21BD72065AF}"
EndProject
Project("{9A19103F-16F7-4668-BE54-9A1E7A4F7556}") = "Blazor_wasm_Portfolio.Shared", "Blazor_wasm_Portfolio.Shared\Blazor_wasm_Portfolio.Shared.csproj", "{512621E7-EE5C-458F-BB51-5C4FFAE28A4D}"
EndProject
Global
	GlobalSection(SolutionConfigurationPlatforms) = preSolution
		Debug|Any CPU = Debug|Any CPU
		Release|Any CPU = Release|Any CPU
	EndGlobalSection
	GlobalSection(ProjectConfigurationPlatforms) = postSolution
		{CB427F79-989A-4E75-B728-F21BD72065AF}.Debug|Any CPU.ActiveCfg = Debug|Any CPU
		{CB427F79-989A-4E75-B728-F21BD72065AF}.Debug|Any CPU.Build.0 = Debug|Any CPU
		{CB427F79-989A-4E75-B728-F21BD72065AF}.Release|Any CPU.ActiveCfg = Release|Any CPU
		{CB427F79-989A-4E75-B728-F21BD72065AF}.Release|Any CPU.Build.0 = Release|Any CPU
		{512621E7-EE5C-458F-BB51-5C4FFAE28A4D}.Debug|Any CPU.ActiveCfg = Debug|Any CPU
		{512621E7-EE5C-458F-BB51-5C4FFAE28A4D}.Debug|Any CPU.Build.0 = Debug|Any CPU
		{512621E7-EE5C-458F-BB51-5C4FFAE28A4D}.Release|Any CPU.ActiveCfg = Release|Any CPU
		{512621E7-EE5C-458F-BB51-5C4FFAE28A4D}.Release|Any CPU.Build.0 = Release|Any CPU
	EndGlobalSection
	GlobalSection(SolutionProperties) = preSolution
		HideSolutionNode = FALSE
	EndGlobalSection
	GlobalSection(ExtensibilityGlobals) = postSolution
		SolutionGuid = {847A0F5C-4A71-4E0A-B449-DEBD67D8B9E8}
	EndGlobalSection
EndGlobal
